signal-cli==0.14.5
signal-cli-rest-api==0.100
signalbot==1.2.2
nio-bot==1.2.1; python_version < '3.14'
nio-bot==1.0.2.post1; python_version >= '3.14'
matrix-nio==0.25.2
blurhash-python==1.2.2
h11==0.16.0
faster-whisper==1.2.1
litellm==1.89.2
openai==2.43.0; python_version < '3.14'
openai==2.30.0; python_version >= '3.14'
python-dotenv==1.2.2
fastmcp==3.4.2
watchdog==6.0.0
